
Microsoft Visual Studio Solution File, Format Version 12.00
# Visual Studio Version 17
VisualStudioVersion = 17.3.32901.215
MinimumVisualStudioVersion = 10.0.40219.1
Project("{FAE04EC0-301F-11D3-BF4B-00C04F79EFBC}") = "pianino", "pianino.csproj", "{126A1D3B-4786-471B-AC25-022399108874}"
EndProject
Global
	GlobalSection(SolutionConfigurationPlatforms) = preSolution
		Debug|Any CPU = Debug|Any CPU
		Release|Any CPU = Release|Any CPU
	EndGlobalSection
	GlobalSection(ProjectConfigurationPlatforms) = postSolution
		{126A1D3B-4786-471B-AC25-022399108874}.Debug|Any CPU.ActiveCfg = Debug|Any CPU
		{126A1D3B-4786-471B-AC25-022399108874}.Debug|Any CPU.Build.0 = Debug|Any CPU
		{126A1D3B-4786-471B-AC25-022399108874}.Release|Any CPU.ActiveCfg = Release|Any CPU
		{126A1D3B-4786-471B-AC25-022399108874}.Release|Any CPU.Build.0 = Release|Any CPU
	EndGlobalSection
	GlobalSection(SolutionProperties) = preSolution
		HideSolutionNode = FALSE
	EndGlobalSection
	GlobalSection(ExtensibilityGlobals) = postSolution
		SolutionGuid = {CC501522-5E9D-438F-8512-096F81C83AC3}
	EndGlobalSection
EndGlobal
